{
  "object": {
    "pins": [
      {
        "package": "CLibreSSL",
        "repositoryURL": "https://github.com/vapor/clibressl.git",
        "state": {
          "branch": "master",
          "revision": "9ebe7fffd3f7d3cd3377696aeaa867a77f2418dd",
          "version": null
        }
      },
      {
        "package": "CryptoSwift",
        "repositoryURL": "https://github.com/krzyzanowskim/CryptoSwift.git",
        "state": {
          "branch": "master",
          "revision": "5d114736f5a98caa8a0ca1c254526f1ce5688f91",
          "version": null
        }
      }
    ]
  },
  "version": 1
}
